
Microsoft Visual Studio Solution File, Format Version 12.00
# Visual Studio Version 17
VisualStudioVersion = 17.13.35825.156
MinimumVisualStudioVersion = 10.0.40219.1
Project("{2150E333-8FDC-42A3-9474-1A3956D46DE8}") = "Chapter01", "Chapter01", "{DDB4EF12-CC4E-5E88-E6FC-71A802F4DE97}"
EndProject
Project("{FAE04EC0-301F-11D3-BF4B-00C04F79EFBC}") = "ProductSample", "Chapter01\ProductSample\ProductSample.csproj", "{5FA5F1B5-1BA0-4B0B-AED6-49B3D91632A3}"
EndProject
Project("{2150E333-8FDC-42A3-9474-1A3956D46DE8}") = "Chapter02", "Chapter02", "{73E3BA25-BB4D-47E7-B3FC-4C1B058BB781}"
EndProject
Project("{FAE04EC0-301F-11D3-BF4B-00C04F79EFBC}") = "DistanceConverter", "Chapter02\DistanceConverter\DistanceConverter.csproj", "{F7BA7A24-2776-44A6-990A-13606644CDD7}"
EndProject
Project("{2150E333-8FDC-42A3-9474-1A3956D46DE8}") = "演習問題", "演習問題", "{BCC7F2A3-3AC5-4A00-8ADA-167FB7D443C7}"
EndProject
Project("{FAE04EC0-301F-11D3-BF4B-00C04F79EFBC}") = "Exercise02", "Chapter02\演習問題\Exercise02\Exercise02.csproj", "{6003833A-81CA-4EFC-85FC-B4360E473687}"
EndProject
Project("{2150E333-8FDC-42A3-9474-1A3956D46DE8}") = "距離換算プログラム", "距離換算プログラム", "{1D7AEA37-7C10-4DCC-9088-ED1D6AAC19DA}"
EndProject
Project("{2150E333-8FDC-42A3-9474-1A3956D46DE8}") = "FormApps", "FormApps", "{F8BF98D1-DEFC-41C2-B02D-08C25161E7FE}"
EndProject
Project("{FAE04EC0-301F-11D3-BF4B-00C04F79EFBC}") = "UnitConverter", "FormApps\UnitConverter\UnitConverter.csproj", "{0D0C200F-71CA-41ED-A725-9C67DAF228EC}"
EndProject
Project("{2150E333-8FDC-42A3-9474-1A3956D46DE8}") = "売り上げ集計プログラム", "売り上げ集計プログラム", "{04E7B934-8D8D-48A3-B455-5DA48C159770}"
EndProject
Project("{FAE04EC0-301F-11D3-BF4B-00C04F79EFBC}") = "SalesCalculator", "Chapter02\SalesCalculator\SalesCalculator.csproj", "{A7B7FC2F-8BF1-4056-806F-4608D5ADFFBC}"
EndProject
Project("{FAE04EC0-301F-11D3-BF4B-00C04F79EFBC}") = "Exercise01", "Chapter02\演習問題\Exercise01\Exercise01.csproj", "{A8D8643B-019B-44EE-8C3A-61C8B217D025}"
EndProject
Project("{2150E333-8FDC-42A3-9474-1A3956D46DE8}") = "Chapter03", "Chapter03", "{0F12ED4D-FA34-4863-906C-C1E2CCE7CA68}"
EndProject
Project("{FAE04EC0-301F-11D3-BF4B-00C04F79EFBC}") = "Section01", "Chapter03\Section01\Section01.csproj", "{1B67454C-6022-4CB5-A8EA-DA4E790679DA}"
EndProject
Project("{2150E333-8FDC-42A3-9474-1A3956D46DE8}") = "演習問題", "演習問題", "{404F9868-5C32-4ADF-82A7-459BFAB1878B}"
EndProject
Project("{FAE04EC0-301F-11D3-BF4B-00C04F79EFBC}") = "Exercise02", "Chapter03\演習問題\Exercise02\Exercise02.csproj", "{217A7536-F56F-4150-AA46-5C054CCD3117}"
EndProject
Project("{FAE04EC0-301F-11D3-BF4B-00C04F79EFBC}") = "Section04", "Chapter03\Section04\Section04.csproj", "{5EB43C78-9640-42B7-ADF9-FD0229FD9E58}"
EndProject
Project("{FAE04EC0-301F-11D3-BF4B-00C04F79EFBC}") = "Exercise01", "Chapter03\演習問題\ConsoleApp1\Exercise01.csproj", "{86437E0C-DE04-4A1A-8C13-ACDE03D52F58}"
EndProject
Project("{2150E333-8FDC-42A3-9474-1A3956D46DE8}") = "Chapter04", "Chapter04", "{F52B0C7D-B396-4FD3-AA1B-20992DED9D6C}"
EndProject
Project("{FAE04EC0-301F-11D3-BF4B-00C04F79EFBC}") = "Section04", "Chapter04\Exercise04\Section04.csproj", "{F2E29AAB-E32F-4FD8-9E55-0B0256F1E7CA}"
EndProject
Project("{2150E333-8FDC-42A3-9474-1A3956D46DE8}") = "演習問題", "演習問題", "{63921E51-EC5A-4ED8-B82D-59EF65AEEA6D}"
EndProject
Project("{FAE04EC0-301F-11D3-BF4B-00C04F79EFBC}") = "Exercise01", "Chapter04\演習問題\Exercise01\Exercise01.csproj", "{94274C42-5433-4AA6-BA6B-5936A70EE0C9}"
EndProject
Project("{FAE04EC0-301F-11D3-BF4B-00C04F79EFBC}") = "Exercise02", "Chapter04\演習問題\Exercise02\Exercise02.csproj", "{FB2FA676-8CF5-4A61-ACDC-57A493DB8225}"
EndProject
Project("{2150E333-8FDC-42A3-9474-1A3956D46DE8}") = "LINQ", "LINQ", "{ECCE2EEB-03C7-41CB-BD93-41B32D6AB198}"
EndProject
Project("{FAE04EC0-301F-11D3-BF4B-00C04F79EFBC}") = "LinqSample", "LINQ\LinqSample\LinqSample.csproj", "{79DA7C4D-191F-4839-BDEF-BCAF777ECCF7}"
EndProject
Project("{2150E333-8FDC-42A3-9474-1A3956D46DE8}") = "Chapter07", "Chapter07", "{4E902747-DEA7-4E2C-A7B5-7651FC9B1951}"
EndProject
Project("{2150E333-8FDC-42A3-9474-1A3956D46DE8}") = "演習問題", "演習問題", "{99912E52-7E88-412C-95A3-A55BF5E373AB}"
EndProject
Project("{FAE04EC0-301F-11D3-BF4B-00C04F79EFBC}") = "Exercise01", "Chapter07\演習問題\Exercise01\Exercise01.csproj", "{92F2A197-05D5-40BE-B555-CD34F35C0350}"
EndProject
Project("{FAE04EC0-301F-11D3-BF4B-00C04F79EFBC}") = "Section01", "Chapter07\Section01\Section01.csproj", "{A6171201-703D-4101-A4FE-A95D9179D8AD}"
EndProject
Project("{FAE04EC0-301F-11D3-BF4B-00C04F79EFBC}") = "Section05", "Chapter07\Section05\Section05.csproj", "{C3DACEE0-A660-4BE1-B6E7-2B3C2E2DBB6C}"
EndProject
Project("{FAE04EC0-301F-11D3-BF4B-00C04F79EFBC}") = "Exercise02", "Chapter07\演習問題\Exercise02\Exercise02.csproj", "{1E1F2648-9087-4BAA-B276-6230CC62F098}"
EndProject
Project("{2150E333-8FDC-42A3-9474-1A3956D46DE8}") = "Chapter06", "Chapter06", "{CC6EB9B0-3F54-4970-BAF8-87A7F689BE69}"
EndProject
Project("{2150E333-8FDC-42A3-9474-1A3956D46DE8}") = "演習問題", "演習問題", "{62EB612C-CAF0-4E9F-8A68-E7C152CC4260}"
EndProject
Project("{FAE04EC0-301F-11D3-BF4B-00C04F79EFBC}") = "Section01", "Chapter06\Section01\Section01.csproj", "{7B34514D-F55C-A5FE-D1EF-2AB834B91306}"
EndProject
Project("{FAE04EC0-301F-11D3-BF4B-00C04F79EFBC}") = "Exercise01", "Chapter06\演習問題\Exercise01\Exercise01.csproj", "{B5025803-550F-2718-0B4A-39867A675BF8}"
EndProject
Project("{FAE04EC0-301F-11D3-BF4B-00C04F79EFBC}") = "Exercise02", "Chapter06\演習問題\Exercise02\Exercise02.csproj", "{9605B4B8-0A34-BDE4-CFD2-F49073E3B9EF}"
EndProject
Project("{FAE04EC0-301F-11D3-BF4B-00C04F79EFBC}") = "Exercise03", "Chapter06\演習問題\Exercise03\Exercise03.csproj", "{766DC129-B7E6-6BE5-67FF-02794A6C9D6A}"
EndProject
Project("{FAE04EC0-301F-11D3-BF4B-00C04F79EFBC}") = "Exercise04", "Chapter06\演習問題\Exercise04\Exercise04.csproj", "{8758FBDB-9295-0DA5-31B6-DA01667F06FB}"
EndProject
Project("{FAE04EC0-301F-11D3-BF4B-00C04F79EFBC}") = "Section03", "Chapter06\Section03\Section03.csproj", "{A224E345-0B0F-43F8-84BC-CC4264F2FF76}"
EndProject
Project("{2150E333-8FDC-42A3-9474-1A3956D46DE8}") = "Chapter05", "Chapter05", "{FA419820-1FB3-472C-9074-A87759915D8A}"
EndProject
Project("{2150E333-8FDC-42A3-9474-1A3956D46DE8}") = "演習問題", "演習問題", "{83792756-BFF5-4B0E-8FE1-B31C1EFDF7D4}"
EndProject
Project("{FAE04EC0-301F-11D3-BF4B-00C04F79EFBC}") = "Section01", "Chapter05\Section01\Section01.csproj", "{88DE7522-74E4-4E22-BB19-0DDC2352EA47}"
EndProject
Project("{FAE04EC0-301F-11D3-BF4B-00C04F79EFBC}") = "Section02", "Chapter05\Section02\Section02.csproj", "{A6237B6B-FA36-48FB-9382-87DF21D51B88}"
EndProject
Project("{FAE04EC0-301F-11D3-BF4B-00C04F79EFBC}") = "Exercise01", "Chapter05\演習問題\Exercise01\Exercise01.csproj", "{90221539-6D35-4DE1-8ED8-9E0D1F1918F8}"
EndProject
Project("{FAE04EC0-301F-11D3-BF4B-00C04F79EFBC}") = "Exercise02", "Chapter05\演習問題\Exercise02\Exercise02.csproj", "{4FFDC78E-7DA3-4A2E-96B2-7CA0759DEF84}"
EndProject
Project("{2150E333-8FDC-42A3-9474-1A3956D46DE8}") = "Chapter08", "Chapter08", "{F35F8444-2420-4344-9BA7-6CC74146A365}"
EndProject
Project("{2150E333-8FDC-42A3-9474-1A3956D46DE8}") = "演習問題", "演習問題", "{A68838BD-BE3B-4244-9889-1965DF9926C3}"
EndProject
Project("{FAE04EC0-301F-11D3-BF4B-00C04F79EFBC}") = "Exercise01", "Chapter08\演習問題\Exercise01\Exercise01.csproj", "{78B2475B-2A52-4A1A-AEEA-B4AD3FDD110F}"
EndProject
Project("{FAE04EC0-301F-11D3-BF4B-00C04F79EFBC}") = "PrefCapitalLocationSystem", "Chapter08\演習問題\PrefCapitalLocationSystem\PrefCapitalLocationSystem.csproj", "{9010C7DA-7BF1-1477-C761-BD4654FE33AF}"
EndProject
Project("{FAE04EC0-301F-11D3-BF4B-00C04F79EFBC}") = "Section03", "Chapter08\Section03\Section03.csproj", "{4E46B7E4-59F9-448C-A038-DDD503267AC4}"
EndProject
Project("{FAE04EC0-301F-11D3-BF4B-00C04F79EFBC}") = "Exercise02", "Chapter08\演習問題\Exercise02\Exercise02.csproj", "{3A847CC6-ACC8-4440-9CD5-D0995EF9DB69}"
EndProject
Project("{2150E333-8FDC-42A3-9474-1A3956D46DE8}") = "Tes01", "Tes01", "{34F6F943-62A4-4E3A-8AB8-6B77D952FB4A}"
EndProject
Project("{FAE04EC0-301F-11D3-BF4B-00C04F79EFBC}") = "Test01", "Test01\Test01\Test01.csproj", "{6EF7678A-A725-F430-3097-30F090C0100A}"
EndProject
Project("{FAE04EC0-301F-11D3-BF4B-00C04F79EFBC}") = "Test02", "Test01\Test02\Test02.csproj", "{010D0C11-D6A2-3CA6-3281-4E0FD547EC2D}"
EndProject
Project("{2150E333-8FDC-42A3-9474-1A3956D46DE8}") = "Chapter09", "Chapter09", "{9862FC05-B40A-4C63-8F4C-3D3361451961}"
EndProject
Project("{FAE04EC0-301F-11D3-BF4B-00C04F79EFBC}") = "Section01", "Chapter09\Section01\Section01.csproj", "{DC48F6E1-F17F-43A0-990D-6E2394025A4D}"
EndProject
Project("{2150E333-8FDC-42A3-9474-1A3956D46DE8}") = "演習問題", "演習問題", "{84669DA8-5399-4032-A69A-A35EC61E475B}"
EndProject
Project("{FAE04EC0-301F-11D3-BF4B-00C04F79EFBC}") = "Exercise01", "Chapter09\演習問題\Exercise01\Exercise01.csproj", "{D19B5239-0741-44C6-812B-5F8C712B5E60}"
EndProject
Project("{FAE04EC0-301F-11D3-BF4B-00C04F79EFBC}") = "Exercise02", "Chapter09\演習問題\Exercise02\Exercise02.csproj", "{52442FBF-AB1E-12BC-8344-0695887AC3CB}"
EndProject
Project("{FAE04EC0-301F-11D3-BF4B-00C04F79EFBC}") = "Exercise03", "Chapter09\演習問題\Exercise03\Exercise03.csproj", "{13EA441B-E72F-5CA2-D5D4-B3F52139D7CF}"
EndProject
Project("{FAE04EC0-301F-11D3-BF4B-00C04F79EFBC}") = "CarReportSystem", "FormApps\CarReportSystem\CarReportSystem.csproj", "{0986CB4A-2E4C-4A5F-B2E0-51754D864867}"
EndProject
Project("{2150E333-8FDC-42A3-9474-1A3956D46DE8}") = "Chapter12", "Chapter12", "{49E03704-D64D-4C31-9CD3-646DC6A5CBC2}"
EndProject
Project("{2150E333-8FDC-42A3-9474-1A3956D46DE8}") = "演習問題", "演習問題", "{B1EB05FD-BAB0-4337-823A-9C213FB2024A}"
EndProject
Project("{FAE04EC0-301F-11D3-BF4B-00C04F79EFBC}") = "Section01", "Chapter12\Section01\Section01.csproj", "{85F02B0E-B77E-4C59-99B9-52F2F82BF1F1}"
EndProject
Project("{FAE04EC0-301F-11D3-BF4B-00C04F79EFBC}") = "Exercise01", "Chapter12\演習問題\Exercise01\Exercise01.csproj", "{C9576B33-406F-4780-967A-A8A6721AC3DE}"
EndProject
Project("{FAE04EC0-301F-11D3-BF4B-00C04F79EFBC}") = "Exercise02", "..\..\..\Desktop\Exercise02\Exercise02.csproj", "{002AC66A-2C79-D617-7D42-C919BAF06C81}"
EndProject
Project("{FAE04EC0-301F-11D3-BF4B-00C04F79EFBC}") = "Exercise03", "..\..\..\Desktop\Exercise03\Exercise03.csproj", "{2F191382-77D4-81DA-DF01-8BDF10A53969}"
EndProject
Project("{FAE04EC0-301F-11D3-BF4B-00C04F79EFBC}") = "RssReader", "FormApps\RssReader\RssReader.csproj", "{78D47021-BAB2-41CB-B0DA-17C75F212B0D}"
EndProject
Project("{2150E333-8FDC-42A3-9474-1A3956D46DE8}") = "Chapter11", "Chapter11", "{0BCEBA80-2D89-47A0-A40D-547F599E8D48}"
EndProject
Project("{FAE04EC0-301F-11D3-BF4B-00C04F79EFBC}") = "Section02", "Chapter11\Section2\Section02.csproj", "{72880280-B5AD-4597-9CDC-FB671D6FAF77}"
EndProject
Project("{FAE04EC0-301F-11D3-BF4B-00C04F79EFBC}") = "Section03", "Chapter11\Section03\Section03.csproj", "{BDB9F0D4-E2C4-4844-83B3-88A95DAF97CE}"
EndProject
Project("{2150E333-8FDC-42A3-9474-1A3956D46DE8}") = "演習問題", "演習問題", "{E1A1F939-2A87-40EA-82B6-CE703209202D}"
EndProject
Project("{FAE04EC0-301F-11D3-BF4B-00C04F79EFBC}") = "Exercise01", "Exercise01\Exercise01.csproj", "{DA54AFD0-2709-4E80-8232-DC2AE289D8E5}"
EndProject
Project("{FAE04EC0-301F-11D3-BF4B-00C04F79EFBC}") = "Exercise02", "Exercise02\Exercise02.csproj", "{EA5C88C1-D27E-41E4-93D7-9BC630BFA218}"
EndProject
Project("{FAE04EC0-301F-11D3-BF4B-00C04F79EFBC}") = "Exercise03", "Exercise03\Exercise03.csproj", "{B39295E3-4EA8-4A01-8453-1CB17D8C97D8}"
EndProject
Project("{FAE04EC0-301F-11D3-BF4B-00C04F79EFBC}") = "Exercise04", "Chapter11\演習問題\Exercise04\Exercise04.csproj", "{2A28A7E0-7ED2-40E2-87D7-31CAC689C95B}"
EndProject
Project("{FAE04EC0-301F-11D3-BF4B-00C04F79EFBC}") = "Exercise05", "Chapter11\演習問題\Exercise05\Exercise05.csproj", "{A041DCE2-5ADF-404C-9C1C-3E1931E0BBC7}"
EndProject
Project("{2150E333-8FDC-42A3-9474-1A3956D46DE8}") = "WPF", "WPF", "{E999D408-0A81-4DBE-B5B6-776A12066312}"
EndProject
Project("{FAE04EC0-301F-11D3-BF4B-00C04F79EFBC}") = "SampleApp", "WPF\SampleApp\SampleApp.csproj", "{2A112E00-7696-49F3-BA4F-B674801D6E30}"
EndProject
Project("{FAE04EC0-301F-11D3-BF4B-00C04F79EFBC}") = "SampleSlider", "WPF\SampleSlider\SampleSlider.csproj", "{8629857E-1D0D-485A-ACF1-B6AEFBB0ABF7}"
EndProject
Project("{FAE04EC0-301F-11D3-BF4B-00C04F79EFBC}") = "ColorChecker", "WPF\ColorChecker\ColorChecker.csproj", "{956FBD3F-983E-401B-80E4-1A2434A1F613}"
EndProject
Project("{FAE04EC0-301F-11D3-BF4B-00C04F79EFBC}") = "ConverterApp", "WPF\ConverterApp\ConverterApp.csproj", "{BDDF2C4F-E215-48F1-A081-2B28D3773B52}"
EndProject
Project("{FAE04EC0-301F-11D3-BF4B-00C04F79EFBC}") = "HelloWorld", "WPF\HelloWorld\HelloWorld.csproj", "{D3127C72-4688-4793-81B8-6D58FB584599}"
EndProject
Project("{FAE04EC0-301F-11D3-BF4B-00C04F79EFBC}") = "PrismObservesSample", "WPF\PrismObservesSample\PrismObservesSample.csproj", "{92230614-4B11-41B3-B0B7-3FF136A77B2A}"
EndProject
Project("{FAE04EC0-301F-11D3-BF4B-00C04F79EFBC}") = "SampleUnitConverter", "WPF\SampleUnitConverter\SampleUnitConverter.csproj", "{E53A5E3B-987E-4584-8AAF-1FBC322BB262}"
EndProject
Project("{2150E333-8FDC-42A3-9474-1A3956D46DE8}") = "SQlite", "SQlite", "{AA7CA85E-E1D1-4651-B00E-866B6F682DBF}"
EndProject
Project("{FAE04EC0-301F-11D3-BF4B-00C04F79EFBC}") = "Sample", "..\..\..\Desktop\SQLite\Sample\Sample.csproj", "{9168E509-6760-3E20-8FD9-5FCDD7DFA59B}"
EndProject
Project("{FAE04EC0-301F-11D3-BF4B-00C04F79EFBC}") = "CustomerApp", "WPF\CustomerApp\CustomerApp.csproj", "{8CC76EFF-C078-43E9-970A-4BA601E501F1}"
EndProject
Project("{2150E333-8FDC-42A3-9474-1A3956D46DE8}") = "Chapter13", "Chapter13", "{6267887C-8E52-46E4-B3D1-59F532829A2F}"
EndProject
Project("{FAE04EC0-301F-11D3-BF4B-00C04F79EFBC}") = "Section01", "Chapter13\Section01\Section01.csproj", "{9166FD92-D47F-411A-9030-BDE9CC54767B}"
EndProject
Project("{2150E333-8FDC-42A3-9474-1A3956D46DE8}") = "演習問題", "演習問題", "{24886244-B4EE-41F2-B0EF-9F740727EA24}"
EndProject
Project("{FAE04EC0-301F-11D3-BF4B-00C04F79EFBC}") = "Exercise01", "Chapter13\Exercise01\Exercise01.csproj", "{CA5C8FC7-6F78-417D-8AF9-DD6FB2AF46DF}"
EndProject
Project("{2150E333-8FDC-42A3-9474-1A3956D46DE8}") = "Chapter14", "Chapter14", "{1E576787-31BF-4134-9DDC-2B51568B0919}"
EndProject
Project("{FAE04EC0-301F-11D3-BF4B-00C04F79EFBC}") = "Section03", "Chapter14\Section03\Section03.csproj", "{D7DB7127-78E1-4E57-8427-B468C1725242}"
EndProject
<<<<<<< HEAD
Project("{FAE04EC0-301F-11D3-BF4B-00C04F79EFBC}") = "Section04", "Chapter14\Section04\Section04.csproj", "{BAD5866C-19CE-9ABE-C7CE-C75067A93566}"
EndProject
Project("{FAE04EC0-301F-11D3-BF4B-00C04F79EFBC}") = "WebBrowser", "Chapter14\WebBrowser\WebBrowser.csproj", "{3555ED2D-09FD-4B18-B82A-CE4F6A1E9C9F}"
EndProject
Project("{FAE04EC0-301F-11D3-BF4B-00C04F79EFBC}") = "Section05", "Chapter14\Section05\Section05.csproj", "{B4985CE2-0D6D-4C65-83C1-8339A0897132}"
=======
Project("{2150E333-8FDC-42A3-9474-1A3956D46DE8}") = "演習問題", "演習問題", "{A9BACA84-D0C9-4B11-AE63-1354E336F222}"
EndProject
Project("{FAE04EC0-301F-11D3-BF4B-00C04F79EFBC}") = "Exercise01_Forms", "Chapter14\演習問題\Exercise01_Forms\Exercise01_Forms.csproj", "{F9BFA8EB-0CA6-4FE5-8B09-16CF66E0A13C}"
>>>>>>> 6ff14597ac0271d88b342c59456a1e182b62217a
EndProject
Global
	GlobalSection(SolutionConfigurationPlatforms) = preSolution
		Debug|Any CPU = Debug|Any CPU
		Release|Any CPU = Release|Any CPU
	EndGlobalSection
	GlobalSection(ProjectConfigurationPlatforms) = postSolution
		{5FA5F1B5-1BA0-4B0B-AED6-49B3D91632A3}.Debug|Any CPU.ActiveCfg = Debug|Any CPU
		{5FA5F1B5-1BA0-4B0B-AED6-49B3D91632A3}.Debug|Any CPU.Build.0 = Debug|Any CPU
		{5FA5F1B5-1BA0-4B0B-AED6-49B3D91632A3}.Release|Any CPU.ActiveCfg = Release|Any CPU
		{5FA5F1B5-1BA0-4B0B-AED6-49B3D91632A3}.Release|Any CPU.Build.0 = Release|Any CPU
		{F7BA7A24-2776-44A6-990A-13606644CDD7}.Debug|Any CPU.ActiveCfg = Debug|Any CPU
		{F7BA7A24-2776-44A6-990A-13606644CDD7}.Debug|Any CPU.Build.0 = Debug|Any CPU
		{F7BA7A24-2776-44A6-990A-13606644CDD7}.Release|Any CPU.ActiveCfg = Release|Any CPU
		{F7BA7A24-2776-44A6-990A-13606644CDD7}.Release|Any CPU.Build.0 = Release|Any CPU
		{6003833A-81CA-4EFC-85FC-B4360E473687}.Debug|Any CPU.ActiveCfg = Debug|Any CPU
		{6003833A-81CA-4EFC-85FC-B4360E473687}.Debug|Any CPU.Build.0 = Debug|Any CPU
		{6003833A-81CA-4EFC-85FC-B4360E473687}.Release|Any CPU.ActiveCfg = Release|Any CPU
		{6003833A-81CA-4EFC-85FC-B4360E473687}.Release|Any CPU.Build.0 = Release|Any CPU
		{0D0C200F-71CA-41ED-A725-9C67DAF228EC}.Debug|Any CPU.ActiveCfg = Debug|Any CPU
		{0D0C200F-71CA-41ED-A725-9C67DAF228EC}.Debug|Any CPU.Build.0 = Debug|Any CPU
		{0D0C200F-71CA-41ED-A725-9C67DAF228EC}.Release|Any CPU.ActiveCfg = Release|Any CPU
		{0D0C200F-71CA-41ED-A725-9C67DAF228EC}.Release|Any CPU.Build.0 = Release|Any CPU
		{A7B7FC2F-8BF1-4056-806F-4608D5ADFFBC}.Debug|Any CPU.ActiveCfg = Debug|Any CPU
		{A7B7FC2F-8BF1-4056-806F-4608D5ADFFBC}.Debug|Any CPU.Build.0 = Debug|Any CPU
		{A7B7FC2F-8BF1-4056-806F-4608D5ADFFBC}.Release|Any CPU.ActiveCfg = Release|Any CPU
		{A7B7FC2F-8BF1-4056-806F-4608D5ADFFBC}.Release|Any CPU.Build.0 = Release|Any CPU
		{A8D8643B-019B-44EE-8C3A-61C8B217D025}.Debug|Any CPU.ActiveCfg = Debug|Any CPU
		{A8D8643B-019B-44EE-8C3A-61C8B217D025}.Debug|Any CPU.Build.0 = Debug|Any CPU
		{A8D8643B-019B-44EE-8C3A-61C8B217D025}.Release|Any CPU.ActiveCfg = Release|Any CPU
		{A8D8643B-019B-44EE-8C3A-61C8B217D025}.Release|Any CPU.Build.0 = Release|Any CPU
		{1B67454C-6022-4CB5-A8EA-DA4E790679DA}.Debug|Any CPU.ActiveCfg = Debug|Any CPU
		{1B67454C-6022-4CB5-A8EA-DA4E790679DA}.Debug|Any CPU.Build.0 = Debug|Any CPU
		{1B67454C-6022-4CB5-A8EA-DA4E790679DA}.Release|Any CPU.ActiveCfg = Release|Any CPU
		{1B67454C-6022-4CB5-A8EA-DA4E790679DA}.Release|Any CPU.Build.0 = Release|Any CPU
		{217A7536-F56F-4150-AA46-5C054CCD3117}.Debug|Any CPU.ActiveCfg = Debug|Any CPU
		{217A7536-F56F-4150-AA46-5C054CCD3117}.Debug|Any CPU.Build.0 = Debug|Any CPU
		{217A7536-F56F-4150-AA46-5C054CCD3117}.Release|Any CPU.ActiveCfg = Release|Any CPU
		{217A7536-F56F-4150-AA46-5C054CCD3117}.Release|Any CPU.Build.0 = Release|Any CPU
		{5EB43C78-9640-42B7-ADF9-FD0229FD9E58}.Debug|Any CPU.ActiveCfg = Debug|Any CPU
		{5EB43C78-9640-42B7-ADF9-FD0229FD9E58}.Debug|Any CPU.Build.0 = Debug|Any CPU
		{5EB43C78-9640-42B7-ADF9-FD0229FD9E58}.Release|Any CPU.ActiveCfg = Release|Any CPU
		{5EB43C78-9640-42B7-ADF9-FD0229FD9E58}.Release|Any CPU.Build.0 = Release|Any CPU
		{86437E0C-DE04-4A1A-8C13-ACDE03D52F58}.Debug|Any CPU.ActiveCfg = Debug|Any CPU
		{86437E0C-DE04-4A1A-8C13-ACDE03D52F58}.Debug|Any CPU.Build.0 = Debug|Any CPU
		{86437E0C-DE04-4A1A-8C13-ACDE03D52F58}.Release|Any CPU.ActiveCfg = Release|Any CPU
		{86437E0C-DE04-4A1A-8C13-ACDE03D52F58}.Release|Any CPU.Build.0 = Release|Any CPU
		{F2E29AAB-E32F-4FD8-9E55-0B0256F1E7CA}.Debug|Any CPU.ActiveCfg = Debug|Any CPU
		{F2E29AAB-E32F-4FD8-9E55-0B0256F1E7CA}.Debug|Any CPU.Build.0 = Debug|Any CPU
		{F2E29AAB-E32F-4FD8-9E55-0B0256F1E7CA}.Release|Any CPU.ActiveCfg = Release|Any CPU
		{F2E29AAB-E32F-4FD8-9E55-0B0256F1E7CA}.Release|Any CPU.Build.0 = Release|Any CPU
		{94274C42-5433-4AA6-BA6B-5936A70EE0C9}.Debug|Any CPU.ActiveCfg = Debug|Any CPU
		{94274C42-5433-4AA6-BA6B-5936A70EE0C9}.Debug|Any CPU.Build.0 = Debug|Any CPU
		{94274C42-5433-4AA6-BA6B-5936A70EE0C9}.Release|Any CPU.ActiveCfg = Release|Any CPU
		{94274C42-5433-4AA6-BA6B-5936A70EE0C9}.Release|Any CPU.Build.0 = Release|Any CPU
		{FB2FA676-8CF5-4A61-ACDC-57A493DB8225}.Debug|Any CPU.ActiveCfg = Debug|Any CPU
		{FB2FA676-8CF5-4A61-ACDC-57A493DB8225}.Debug|Any CPU.Build.0 = Debug|Any CPU
		{FB2FA676-8CF5-4A61-ACDC-57A493DB8225}.Release|Any CPU.ActiveCfg = Release|Any CPU
		{FB2FA676-8CF5-4A61-ACDC-57A493DB8225}.Release|Any CPU.Build.0 = Release|Any CPU
		{79DA7C4D-191F-4839-BDEF-BCAF777ECCF7}.Debug|Any CPU.ActiveCfg = Debug|Any CPU
		{79DA7C4D-191F-4839-BDEF-BCAF777ECCF7}.Debug|Any CPU.Build.0 = Debug|Any CPU
		{79DA7C4D-191F-4839-BDEF-BCAF777ECCF7}.Release|Any CPU.ActiveCfg = Release|Any CPU
		{79DA7C4D-191F-4839-BDEF-BCAF777ECCF7}.Release|Any CPU.Build.0 = Release|Any CPU
		{92F2A197-05D5-40BE-B555-CD34F35C0350}.Debug|Any CPU.ActiveCfg = Debug|Any CPU
		{92F2A197-05D5-40BE-B555-CD34F35C0350}.Debug|Any CPU.Build.0 = Debug|Any CPU
		{92F2A197-05D5-40BE-B555-CD34F35C0350}.Release|Any CPU.ActiveCfg = Release|Any CPU
		{92F2A197-05D5-40BE-B555-CD34F35C0350}.Release|Any CPU.Build.0 = Release|Any CPU
		{A6171201-703D-4101-A4FE-A95D9179D8AD}.Debug|Any CPU.ActiveCfg = Debug|Any CPU
		{A6171201-703D-4101-A4FE-A95D9179D8AD}.Debug|Any CPU.Build.0 = Debug|Any CPU
		{A6171201-703D-4101-A4FE-A95D9179D8AD}.Release|Any CPU.ActiveCfg = Release|Any CPU
		{A6171201-703D-4101-A4FE-A95D9179D8AD}.Release|Any CPU.Build.0 = Release|Any CPU
		{C3DACEE0-A660-4BE1-B6E7-2B3C2E2DBB6C}.Debug|Any CPU.ActiveCfg = Debug|Any CPU
		{C3DACEE0-A660-4BE1-B6E7-2B3C2E2DBB6C}.Debug|Any CPU.Build.0 = Debug|Any CPU
		{C3DACEE0-A660-4BE1-B6E7-2B3C2E2DBB6C}.Release|Any CPU.ActiveCfg = Release|Any CPU
		{C3DACEE0-A660-4BE1-B6E7-2B3C2E2DBB6C}.Release|Any CPU.Build.0 = Release|Any CPU
		{1E1F2648-9087-4BAA-B276-6230CC62F098}.Debug|Any CPU.ActiveCfg = Debug|Any CPU
		{1E1F2648-9087-4BAA-B276-6230CC62F098}.Debug|Any CPU.Build.0 = Debug|Any CPU
		{1E1F2648-9087-4BAA-B276-6230CC62F098}.Release|Any CPU.ActiveCfg = Release|Any CPU
		{1E1F2648-9087-4BAA-B276-6230CC62F098}.Release|Any CPU.Build.0 = Release|Any CPU
		{7B34514D-F55C-A5FE-D1EF-2AB834B91306}.Debug|Any CPU.ActiveCfg = Debug|Any CPU
		{7B34514D-F55C-A5FE-D1EF-2AB834B91306}.Debug|Any CPU.Build.0 = Debug|Any CPU
		{7B34514D-F55C-A5FE-D1EF-2AB834B91306}.Release|Any CPU.ActiveCfg = Release|Any CPU
		{7B34514D-F55C-A5FE-D1EF-2AB834B91306}.Release|Any CPU.Build.0 = Release|Any CPU
		{B5025803-550F-2718-0B4A-39867A675BF8}.Debug|Any CPU.ActiveCfg = Debug|Any CPU
		{B5025803-550F-2718-0B4A-39867A675BF8}.Debug|Any CPU.Build.0 = Debug|Any CPU
		{B5025803-550F-2718-0B4A-39867A675BF8}.Release|Any CPU.ActiveCfg = Release|Any CPU
		{B5025803-550F-2718-0B4A-39867A675BF8}.Release|Any CPU.Build.0 = Release|Any CPU
		{9605B4B8-0A34-BDE4-CFD2-F49073E3B9EF}.Debug|Any CPU.ActiveCfg = Debug|Any CPU
		{9605B4B8-0A34-BDE4-CFD2-F49073E3B9EF}.Debug|Any CPU.Build.0 = Debug|Any CPU
		{9605B4B8-0A34-BDE4-CFD2-F49073E3B9EF}.Release|Any CPU.ActiveCfg = Release|Any CPU
		{9605B4B8-0A34-BDE4-CFD2-F49073E3B9EF}.Release|Any CPU.Build.0 = Release|Any CPU
		{766DC129-B7E6-6BE5-67FF-02794A6C9D6A}.Debug|Any CPU.ActiveCfg = Debug|Any CPU
		{766DC129-B7E6-6BE5-67FF-02794A6C9D6A}.Debug|Any CPU.Build.0 = Debug|Any CPU
		{766DC129-B7E6-6BE5-67FF-02794A6C9D6A}.Release|Any CPU.ActiveCfg = Release|Any CPU
		{766DC129-B7E6-6BE5-67FF-02794A6C9D6A}.Release|Any CPU.Build.0 = Release|Any CPU
		{8758FBDB-9295-0DA5-31B6-DA01667F06FB}.Debug|Any CPU.ActiveCfg = Debug|Any CPU
		{8758FBDB-9295-0DA5-31B6-DA01667F06FB}.Debug|Any CPU.Build.0 = Debug|Any CPU
		{8758FBDB-9295-0DA5-31B6-DA01667F06FB}.Release|Any CPU.ActiveCfg = Release|Any CPU
		{8758FBDB-9295-0DA5-31B6-DA01667F06FB}.Release|Any CPU.Build.0 = Release|Any CPU
		{A224E345-0B0F-43F8-84BC-CC4264F2FF76}.Debug|Any CPU.ActiveCfg = Debug|Any CPU
		{A224E345-0B0F-43F8-84BC-CC4264F2FF76}.Debug|Any CPU.Build.0 = Debug|Any CPU
		{A224E345-0B0F-43F8-84BC-CC4264F2FF76}.Release|Any CPU.ActiveCfg = Release|Any CPU
		{A224E345-0B0F-43F8-84BC-CC4264F2FF76}.Release|Any CPU.Build.0 = Release|Any CPU
		{88DE7522-74E4-4E22-BB19-0DDC2352EA47}.Debug|Any CPU.ActiveCfg = Debug|Any CPU
		{88DE7522-74E4-4E22-BB19-0DDC2352EA47}.Debug|Any CPU.Build.0 = Debug|Any CPU
		{88DE7522-74E4-4E22-BB19-0DDC2352EA47}.Release|Any CPU.ActiveCfg = Release|Any CPU
		{88DE7522-74E4-4E22-BB19-0DDC2352EA47}.Release|Any CPU.Build.0 = Release|Any CPU
		{A6237B6B-FA36-48FB-9382-87DF21D51B88}.Debug|Any CPU.ActiveCfg = Debug|Any CPU
		{A6237B6B-FA36-48FB-9382-87DF21D51B88}.Debug|Any CPU.Build.0 = Debug|Any CPU
		{A6237B6B-FA36-48FB-9382-87DF21D51B88}.Release|Any CPU.ActiveCfg = Release|Any CPU
		{A6237B6B-FA36-48FB-9382-87DF21D51B88}.Release|Any CPU.Build.0 = Release|Any CPU
		{90221539-6D35-4DE1-8ED8-9E0D1F1918F8}.Debug|Any CPU.ActiveCfg = Debug|Any CPU
		{90221539-6D35-4DE1-8ED8-9E0D1F1918F8}.Debug|Any CPU.Build.0 = Debug|Any CPU
		{90221539-6D35-4DE1-8ED8-9E0D1F1918F8}.Release|Any CPU.ActiveCfg = Release|Any CPU
		{90221539-6D35-4DE1-8ED8-9E0D1F1918F8}.Release|Any CPU.Build.0 = Release|Any CPU
		{4FFDC78E-7DA3-4A2E-96B2-7CA0759DEF84}.Debug|Any CPU.ActiveCfg = Debug|Any CPU
		{4FFDC78E-7DA3-4A2E-96B2-7CA0759DEF84}.Debug|Any CPU.Build.0 = Debug|Any CPU
		{4FFDC78E-7DA3-4A2E-96B2-7CA0759DEF84}.Release|Any CPU.ActiveCfg = Release|Any CPU
		{4FFDC78E-7DA3-4A2E-96B2-7CA0759DEF84}.Release|Any CPU.Build.0 = Release|Any CPU
		{78B2475B-2A52-4A1A-AEEA-B4AD3FDD110F}.Debug|Any CPU.ActiveCfg = Debug|Any CPU
		{78B2475B-2A52-4A1A-AEEA-B4AD3FDD110F}.Debug|Any CPU.Build.0 = Debug|Any CPU
		{78B2475B-2A52-4A1A-AEEA-B4AD3FDD110F}.Release|Any CPU.ActiveCfg = Release|Any CPU
		{78B2475B-2A52-4A1A-AEEA-B4AD3FDD110F}.Release|Any CPU.Build.0 = Release|Any CPU
		{9010C7DA-7BF1-1477-C761-BD4654FE33AF}.Debug|Any CPU.ActiveCfg = Debug|Any CPU
		{9010C7DA-7BF1-1477-C761-BD4654FE33AF}.Debug|Any CPU.Build.0 = Debug|Any CPU
		{9010C7DA-7BF1-1477-C761-BD4654FE33AF}.Release|Any CPU.ActiveCfg = Release|Any CPU
		{9010C7DA-7BF1-1477-C761-BD4654FE33AF}.Release|Any CPU.Build.0 = Release|Any CPU
		{4E46B7E4-59F9-448C-A038-DDD503267AC4}.Debug|Any CPU.ActiveCfg = Debug|Any CPU
		{4E46B7E4-59F9-448C-A038-DDD503267AC4}.Debug|Any CPU.Build.0 = Debug|Any CPU
		{4E46B7E4-59F9-448C-A038-DDD503267AC4}.Release|Any CPU.ActiveCfg = Release|Any CPU
		{4E46B7E4-59F9-448C-A038-DDD503267AC4}.Release|Any CPU.Build.0 = Release|Any CPU
		{3A847CC6-ACC8-4440-9CD5-D0995EF9DB69}.Debug|Any CPU.ActiveCfg = Debug|Any CPU
		{3A847CC6-ACC8-4440-9CD5-D0995EF9DB69}.Debug|Any CPU.Build.0 = Debug|Any CPU
		{3A847CC6-ACC8-4440-9CD5-D0995EF9DB69}.Release|Any CPU.ActiveCfg = Release|Any CPU
		{3A847CC6-ACC8-4440-9CD5-D0995EF9DB69}.Release|Any CPU.Build.0 = Release|Any CPU
		{6EF7678A-A725-F430-3097-30F090C0100A}.Debug|Any CPU.ActiveCfg = Debug|Any CPU
		{6EF7678A-A725-F430-3097-30F090C0100A}.Debug|Any CPU.Build.0 = Debug|Any CPU
		{6EF7678A-A725-F430-3097-30F090C0100A}.Release|Any CPU.ActiveCfg = Release|Any CPU
		{6EF7678A-A725-F430-3097-30F090C0100A}.Release|Any CPU.Build.0 = Release|Any CPU
		{010D0C11-D6A2-3CA6-3281-4E0FD547EC2D}.Debug|Any CPU.ActiveCfg = Debug|Any CPU
		{010D0C11-D6A2-3CA6-3281-4E0FD547EC2D}.Debug|Any CPU.Build.0 = Debug|Any CPU
		{010D0C11-D6A2-3CA6-3281-4E0FD547EC2D}.Release|Any CPU.ActiveCfg = Release|Any CPU
		{010D0C11-D6A2-3CA6-3281-4E0FD547EC2D}.Release|Any CPU.Build.0 = Release|Any CPU
		{DC48F6E1-F17F-43A0-990D-6E2394025A4D}.Debug|Any CPU.ActiveCfg = Debug|Any CPU
		{DC48F6E1-F17F-43A0-990D-6E2394025A4D}.Debug|Any CPU.Build.0 = Debug|Any CPU
		{DC48F6E1-F17F-43A0-990D-6E2394025A4D}.Release|Any CPU.ActiveCfg = Release|Any CPU
		{DC48F6E1-F17F-43A0-990D-6E2394025A4D}.Release|Any CPU.Build.0 = Release|Any CPU
		{D19B5239-0741-44C6-812B-5F8C712B5E60}.Debug|Any CPU.ActiveCfg = Debug|Any CPU
		{D19B5239-0741-44C6-812B-5F8C712B5E60}.Debug|Any CPU.Build.0 = Debug|Any CPU
		{D19B5239-0741-44C6-812B-5F8C712B5E60}.Release|Any CPU.ActiveCfg = Release|Any CPU
		{D19B5239-0741-44C6-812B-5F8C712B5E60}.Release|Any CPU.Build.0 = Release|Any CPU
		{52442FBF-AB1E-12BC-8344-0695887AC3CB}.Debug|Any CPU.ActiveCfg = Debug|Any CPU
		{52442FBF-AB1E-12BC-8344-0695887AC3CB}.Debug|Any CPU.Build.0 = Debug|Any CPU
		{52442FBF-AB1E-12BC-8344-0695887AC3CB}.Release|Any CPU.ActiveCfg = Release|Any CPU
		{52442FBF-AB1E-12BC-8344-0695887AC3CB}.Release|Any CPU.Build.0 = Release|Any CPU
		{13EA441B-E72F-5CA2-D5D4-B3F52139D7CF}.Debug|Any CPU.ActiveCfg = Debug|Any CPU
		{13EA441B-E72F-5CA2-D5D4-B3F52139D7CF}.Debug|Any CPU.Build.0 = Debug|Any CPU
		{13EA441B-E72F-5CA2-D5D4-B3F52139D7CF}.Release|Any CPU.ActiveCfg = Release|Any CPU
		{13EA441B-E72F-5CA2-D5D4-B3F52139D7CF}.Release|Any CPU.Build.0 = Release|Any CPU
		{0986CB4A-2E4C-4A5F-B2E0-51754D864867}.Debug|Any CPU.ActiveCfg = Debug|Any CPU
		{0986CB4A-2E4C-4A5F-B2E0-51754D864867}.Debug|Any CPU.Build.0 = Debug|Any CPU
		{0986CB4A-2E4C-4A5F-B2E0-51754D864867}.Release|Any CPU.ActiveCfg = Release|Any CPU
		{0986CB4A-2E4C-4A5F-B2E0-51754D864867}.Release|Any CPU.Build.0 = Release|Any CPU
		{85F02B0E-B77E-4C59-99B9-52F2F82BF1F1}.Debug|Any CPU.ActiveCfg = Debug|Any CPU
		{85F02B0E-B77E-4C59-99B9-52F2F82BF1F1}.Debug|Any CPU.Build.0 = Debug|Any CPU
		{85F02B0E-B77E-4C59-99B9-52F2F82BF1F1}.Release|Any CPU.ActiveCfg = Release|Any CPU
		{85F02B0E-B77E-4C59-99B9-52F2F82BF1F1}.Release|Any CPU.Build.0 = Release|Any CPU
		{C9576B33-406F-4780-967A-A8A6721AC3DE}.Debug|Any CPU.ActiveCfg = Debug|Any CPU
		{C9576B33-406F-4780-967A-A8A6721AC3DE}.Debug|Any CPU.Build.0 = Debug|Any CPU
		{C9576B33-406F-4780-967A-A8A6721AC3DE}.Release|Any CPU.ActiveCfg = Release|Any CPU
		{C9576B33-406F-4780-967A-A8A6721AC3DE}.Release|Any CPU.Build.0 = Release|Any CPU
		{002AC66A-2C79-D617-7D42-C919BAF06C81}.Debug|Any CPU.ActiveCfg = Debug|Any CPU
		{002AC66A-2C79-D617-7D42-C919BAF06C81}.Debug|Any CPU.Build.0 = Debug|Any CPU
		{002AC66A-2C79-D617-7D42-C919BAF06C81}.Release|Any CPU.ActiveCfg = Release|Any CPU
		{002AC66A-2C79-D617-7D42-C919BAF06C81}.Release|Any CPU.Build.0 = Release|Any CPU
		{2F191382-77D4-81DA-DF01-8BDF10A53969}.Debug|Any CPU.ActiveCfg = Debug|Any CPU
		{2F191382-77D4-81DA-DF01-8BDF10A53969}.Debug|Any CPU.Build.0 = Debug|Any CPU
		{2F191382-77D4-81DA-DF01-8BDF10A53969}.Release|Any CPU.ActiveCfg = Release|Any CPU
		{2F191382-77D4-81DA-DF01-8BDF10A53969}.Release|Any CPU.Build.0 = Release|Any CPU
		{78D47021-BAB2-41CB-B0DA-17C75F212B0D}.Debug|Any CPU.ActiveCfg = Debug|Any CPU
		{78D47021-BAB2-41CB-B0DA-17C75F212B0D}.Debug|Any CPU.Build.0 = Debug|Any CPU
		{78D47021-BAB2-41CB-B0DA-17C75F212B0D}.Release|Any CPU.ActiveCfg = Release|Any CPU
		{78D47021-BAB2-41CB-B0DA-17C75F212B0D}.Release|Any CPU.Build.0 = Release|Any CPU
		{72880280-B5AD-4597-9CDC-FB671D6FAF77}.Debug|Any CPU.ActiveCfg = Debug|Any CPU
		{72880280-B5AD-4597-9CDC-FB671D6FAF77}.Debug|Any CPU.Build.0 = Debug|Any CPU
		{72880280-B5AD-4597-9CDC-FB671D6FAF77}.Release|Any CPU.ActiveCfg = Release|Any CPU
		{72880280-B5AD-4597-9CDC-FB671D6FAF77}.Release|Any CPU.Build.0 = Release|Any CPU
		{BDB9F0D4-E2C4-4844-83B3-88A95DAF97CE}.Debug|Any CPU.ActiveCfg = Debug|Any CPU
		{BDB9F0D4-E2C4-4844-83B3-88A95DAF97CE}.Debug|Any CPU.Build.0 = Debug|Any CPU
		{BDB9F0D4-E2C4-4844-83B3-88A95DAF97CE}.Release|Any CPU.ActiveCfg = Release|Any CPU
		{BDB9F0D4-E2C4-4844-83B3-88A95DAF97CE}.Release|Any CPU.Build.0 = Release|Any CPU
		{DA54AFD0-2709-4E80-8232-DC2AE289D8E5}.Debug|Any CPU.ActiveCfg = Debug|Any CPU
		{DA54AFD0-2709-4E80-8232-DC2AE289D8E5}.Debug|Any CPU.Build.0 = Debug|Any CPU
		{DA54AFD0-2709-4E80-8232-DC2AE289D8E5}.Release|Any CPU.ActiveCfg = Release|Any CPU
		{DA54AFD0-2709-4E80-8232-DC2AE289D8E5}.Release|Any CPU.Build.0 = Release|Any CPU
		{EA5C88C1-D27E-41E4-93D7-9BC630BFA218}.Debug|Any CPU.ActiveCfg = Debug|Any CPU
		{EA5C88C1-D27E-41E4-93D7-9BC630BFA218}.Debug|Any CPU.Build.0 = Debug|Any CPU
		{EA5C88C1-D27E-41E4-93D7-9BC630BFA218}.Release|Any CPU.ActiveCfg = Release|Any CPU
		{EA5C88C1-D27E-41E4-93D7-9BC630BFA218}.Release|Any CPU.Build.0 = Release|Any CPU
		{B39295E3-4EA8-4A01-8453-1CB17D8C97D8}.Debug|Any CPU.ActiveCfg = Debug|Any CPU
		{B39295E3-4EA8-4A01-8453-1CB17D8C97D8}.Debug|Any CPU.Build.0 = Debug|Any CPU
		{B39295E3-4EA8-4A01-8453-1CB17D8C97D8}.Release|Any CPU.ActiveCfg = Release|Any CPU
		{B39295E3-4EA8-4A01-8453-1CB17D8C97D8}.Release|Any CPU.Build.0 = Release|Any CPU
		{2A28A7E0-7ED2-40E2-87D7-31CAC689C95B}.Debug|Any CPU.ActiveCfg = Debug|Any CPU
		{2A28A7E0-7ED2-40E2-87D7-31CAC689C95B}.Debug|Any CPU.Build.0 = Debug|Any CPU
		{2A28A7E0-7ED2-40E2-87D7-31CAC689C95B}.Release|Any CPU.ActiveCfg = Release|Any CPU
		{2A28A7E0-7ED2-40E2-87D7-31CAC689C95B}.Release|Any CPU.Build.0 = Release|Any CPU
		{A041DCE2-5ADF-404C-9C1C-3E1931E0BBC7}.Debug|Any CPU.ActiveCfg = Debug|Any CPU
		{A041DCE2-5ADF-404C-9C1C-3E1931E0BBC7}.Debug|Any CPU.Build.0 = Debug|Any CPU
		{A041DCE2-5ADF-404C-9C1C-3E1931E0BBC7}.Release|Any CPU.ActiveCfg = Release|Any CPU
		{A041DCE2-5ADF-404C-9C1C-3E1931E0BBC7}.Release|Any CPU.Build.0 = Release|Any CPU
		{2A112E00-7696-49F3-BA4F-B674801D6E30}.Debug|Any CPU.ActiveCfg = Debug|Any CPU
		{2A112E00-7696-49F3-BA4F-B674801D6E30}.Debug|Any CPU.Build.0 = Debug|Any CPU
		{2A112E00-7696-49F3-BA4F-B674801D6E30}.Release|Any CPU.ActiveCfg = Release|Any CPU
		{2A112E00-7696-49F3-BA4F-B674801D6E30}.Release|Any CPU.Build.0 = Release|Any CPU
		{8629857E-1D0D-485A-ACF1-B6AEFBB0ABF7}.Debug|Any CPU.ActiveCfg = Debug|Any CPU
		{8629857E-1D0D-485A-ACF1-B6AEFBB0ABF7}.Debug|Any CPU.Build.0 = Debug|Any CPU
		{8629857E-1D0D-485A-ACF1-B6AEFBB0ABF7}.Release|Any CPU.ActiveCfg = Release|Any CPU
		{8629857E-1D0D-485A-ACF1-B6AEFBB0ABF7}.Release|Any CPU.Build.0 = Release|Any CPU
		{956FBD3F-983E-401B-80E4-1A2434A1F613}.Debug|Any CPU.ActiveCfg = Debug|Any CPU
		{956FBD3F-983E-401B-80E4-1A2434A1F613}.Debug|Any CPU.Build.0 = Debug|Any CPU
		{956FBD3F-983E-401B-80E4-1A2434A1F613}.Release|Any CPU.ActiveCfg = Release|Any CPU
		{956FBD3F-983E-401B-80E4-1A2434A1F613}.Release|Any CPU.Build.0 = Release|Any CPU
		{BDDF2C4F-E215-48F1-A081-2B28D3773B52}.Debug|Any CPU.ActiveCfg = Debug|Any CPU
		{BDDF2C4F-E215-48F1-A081-2B28D3773B52}.Debug|Any CPU.Build.0 = Debug|Any CPU
		{BDDF2C4F-E215-48F1-A081-2B28D3773B52}.Release|Any CPU.ActiveCfg = Release|Any CPU
		{BDDF2C4F-E215-48F1-A081-2B28D3773B52}.Release|Any CPU.Build.0 = Release|Any CPU
		{D3127C72-4688-4793-81B8-6D58FB584599}.Debug|Any CPU.ActiveCfg = Debug|Any CPU
		{D3127C72-4688-4793-81B8-6D58FB584599}.Debug|Any CPU.Build.0 = Debug|Any CPU
		{D3127C72-4688-4793-81B8-6D58FB584599}.Release|Any CPU.ActiveCfg = Release|Any CPU
		{D3127C72-4688-4793-81B8-6D58FB584599}.Release|Any CPU.Build.0 = Release|Any CPU
		{92230614-4B11-41B3-B0B7-3FF136A77B2A}.Debug|Any CPU.ActiveCfg = Debug|Any CPU
		{92230614-4B11-41B3-B0B7-3FF136A77B2A}.Debug|Any CPU.Build.0 = Debug|Any CPU
		{92230614-4B11-41B3-B0B7-3FF136A77B2A}.Release|Any CPU.ActiveCfg = Release|Any CPU
		{92230614-4B11-41B3-B0B7-3FF136A77B2A}.Release|Any CPU.Build.0 = Release|Any CPU
		{E53A5E3B-987E-4584-8AAF-1FBC322BB262}.Debug|Any CPU.ActiveCfg = Debug|Any CPU
		{E53A5E3B-987E-4584-8AAF-1FBC322BB262}.Debug|Any CPU.Build.0 = Debug|Any CPU
		{E53A5E3B-987E-4584-8AAF-1FBC322BB262}.Release|Any CPU.ActiveCfg = Release|Any CPU
		{E53A5E3B-987E-4584-8AAF-1FBC322BB262}.Release|Any CPU.Build.0 = Release|Any CPU
		{9168E509-6760-3E20-8FD9-5FCDD7DFA59B}.Debug|Any CPU.ActiveCfg = Debug|Any CPU
		{9168E509-6760-3E20-8FD9-5FCDD7DFA59B}.Debug|Any CPU.Build.0 = Debug|Any CPU
		{9168E509-6760-3E20-8FD9-5FCDD7DFA59B}.Release|Any CPU.ActiveCfg = Release|Any CPU
		{9168E509-6760-3E20-8FD9-5FCDD7DFA59B}.Release|Any CPU.Build.0 = Release|Any CPU
		{8CC76EFF-C078-43E9-970A-4BA601E501F1}.Debug|Any CPU.ActiveCfg = Debug|Any CPU
		{8CC76EFF-C078-43E9-970A-4BA601E501F1}.Debug|Any CPU.Build.0 = Debug|Any CPU
		{8CC76EFF-C078-43E9-970A-4BA601E501F1}.Release|Any CPU.ActiveCfg = Release|Any CPU
		{8CC76EFF-C078-43E9-970A-4BA601E501F1}.Release|Any CPU.Build.0 = Release|Any CPU
		{9166FD92-D47F-411A-9030-BDE9CC54767B}.Debug|Any CPU.ActiveCfg = Debug|Any CPU
		{9166FD92-D47F-411A-9030-BDE9CC54767B}.Debug|Any CPU.Build.0 = Debug|Any CPU
		{9166FD92-D47F-411A-9030-BDE9CC54767B}.Release|Any CPU.ActiveCfg = Release|Any CPU
		{9166FD92-D47F-411A-9030-BDE9CC54767B}.Release|Any CPU.Build.0 = Release|Any CPU
		{CA5C8FC7-6F78-417D-8AF9-DD6FB2AF46DF}.Debug|Any CPU.ActiveCfg = Debug|Any CPU
		{CA5C8FC7-6F78-417D-8AF9-DD6FB2AF46DF}.Debug|Any CPU.Build.0 = Debug|Any CPU
		{CA5C8FC7-6F78-417D-8AF9-DD6FB2AF46DF}.Release|Any CPU.ActiveCfg = Release|Any CPU
		{CA5C8FC7-6F78-417D-8AF9-DD6FB2AF46DF}.Release|Any CPU.Build.0 = Release|Any CPU
		{D7DB7127-78E1-4E57-8427-B468C1725242}.Debug|Any CPU.ActiveCfg = Debug|Any CPU
		{D7DB7127-78E1-4E57-8427-B468C1725242}.Debug|Any CPU.Build.0 = Debug|Any CPU
		{D7DB7127-78E1-4E57-8427-B468C1725242}.Release|Any CPU.ActiveCfg = Release|Any CPU
		{D7DB7127-78E1-4E57-8427-B468C1725242}.Release|Any CPU.Build.0 = Release|Any CPU
<<<<<<< HEAD
		{BAD5866C-19CE-9ABE-C7CE-C75067A93566}.Debug|Any CPU.ActiveCfg = Debug|Any CPU
		{BAD5866C-19CE-9ABE-C7CE-C75067A93566}.Debug|Any CPU.Build.0 = Debug|Any CPU
		{BAD5866C-19CE-9ABE-C7CE-C75067A93566}.Release|Any CPU.ActiveCfg = Release|Any CPU
		{BAD5866C-19CE-9ABE-C7CE-C75067A93566}.Release|Any CPU.Build.0 = Release|Any CPU
		{3555ED2D-09FD-4B18-B82A-CE4F6A1E9C9F}.Debug|Any CPU.ActiveCfg = Debug|Any CPU
		{3555ED2D-09FD-4B18-B82A-CE4F6A1E9C9F}.Debug|Any CPU.Build.0 = Debug|Any CPU
		{3555ED2D-09FD-4B18-B82A-CE4F6A1E9C9F}.Release|Any CPU.ActiveCfg = Release|Any CPU
		{3555ED2D-09FD-4B18-B82A-CE4F6A1E9C9F}.Release|Any CPU.Build.0 = Release|Any CPU
		{B4985CE2-0D6D-4C65-83C1-8339A0897132}.Debug|Any CPU.ActiveCfg = Debug|Any CPU
		{B4985CE2-0D6D-4C65-83C1-8339A0897132}.Debug|Any CPU.Build.0 = Debug|Any CPU
		{B4985CE2-0D6D-4C65-83C1-8339A0897132}.Release|Any CPU.ActiveCfg = Release|Any CPU
		{B4985CE2-0D6D-4C65-83C1-8339A0897132}.Release|Any CPU.Build.0 = Release|Any CPU
=======
		{F9BFA8EB-0CA6-4FE5-8B09-16CF66E0A13C}.Debug|Any CPU.ActiveCfg = Debug|Any CPU
		{F9BFA8EB-0CA6-4FE5-8B09-16CF66E0A13C}.Debug|Any CPU.Build.0 = Debug|Any CPU
		{F9BFA8EB-0CA6-4FE5-8B09-16CF66E0A13C}.Release|Any CPU.ActiveCfg = Release|Any CPU
		{F9BFA8EB-0CA6-4FE5-8B09-16CF66E0A13C}.Release|Any CPU.Build.0 = Release|Any CPU
>>>>>>> 6ff14597ac0271d88b342c59456a1e182b62217a
	EndGlobalSection
	GlobalSection(SolutionProperties) = preSolution
		HideSolutionNode = FALSE
	EndGlobalSection
	GlobalSection(NestedProjects) = preSolution
		{5FA5F1B5-1BA0-4B0B-AED6-49B3D91632A3} = {DDB4EF12-CC4E-5E88-E6FC-71A802F4DE97}
		{F7BA7A24-2776-44A6-990A-13606644CDD7} = {1D7AEA37-7C10-4DCC-9088-ED1D6AAC19DA}
		{BCC7F2A3-3AC5-4A00-8ADA-167FB7D443C7} = {73E3BA25-BB4D-47E7-B3FC-4C1B058BB781}
		{6003833A-81CA-4EFC-85FC-B4360E473687} = {BCC7F2A3-3AC5-4A00-8ADA-167FB7D443C7}
		{1D7AEA37-7C10-4DCC-9088-ED1D6AAC19DA} = {73E3BA25-BB4D-47E7-B3FC-4C1B058BB781}
		{0D0C200F-71CA-41ED-A725-9C67DAF228EC} = {F8BF98D1-DEFC-41C2-B02D-08C25161E7FE}
		{04E7B934-8D8D-48A3-B455-5DA48C159770} = {73E3BA25-BB4D-47E7-B3FC-4C1B058BB781}
		{A7B7FC2F-8BF1-4056-806F-4608D5ADFFBC} = {04E7B934-8D8D-48A3-B455-5DA48C159770}
		{A8D8643B-019B-44EE-8C3A-61C8B217D025} = {BCC7F2A3-3AC5-4A00-8ADA-167FB7D443C7}
		{1B67454C-6022-4CB5-A8EA-DA4E790679DA} = {0F12ED4D-FA34-4863-906C-C1E2CCE7CA68}
		{404F9868-5C32-4ADF-82A7-459BFAB1878B} = {0F12ED4D-FA34-4863-906C-C1E2CCE7CA68}
		{217A7536-F56F-4150-AA46-5C054CCD3117} = {404F9868-5C32-4ADF-82A7-459BFAB1878B}
		{5EB43C78-9640-42B7-ADF9-FD0229FD9E58} = {404F9868-5C32-4ADF-82A7-459BFAB1878B}
		{86437E0C-DE04-4A1A-8C13-ACDE03D52F58} = {404F9868-5C32-4ADF-82A7-459BFAB1878B}
		{F2E29AAB-E32F-4FD8-9E55-0B0256F1E7CA} = {F52B0C7D-B396-4FD3-AA1B-20992DED9D6C}
		{63921E51-EC5A-4ED8-B82D-59EF65AEEA6D} = {F52B0C7D-B396-4FD3-AA1B-20992DED9D6C}
		{94274C42-5433-4AA6-BA6B-5936A70EE0C9} = {63921E51-EC5A-4ED8-B82D-59EF65AEEA6D}
		{FB2FA676-8CF5-4A61-ACDC-57A493DB8225} = {63921E51-EC5A-4ED8-B82D-59EF65AEEA6D}
		{79DA7C4D-191F-4839-BDEF-BCAF777ECCF7} = {ECCE2EEB-03C7-41CB-BD93-41B32D6AB198}
		{99912E52-7E88-412C-95A3-A55BF5E373AB} = {4E902747-DEA7-4E2C-A7B5-7651FC9B1951}
		{92F2A197-05D5-40BE-B555-CD34F35C0350} = {99912E52-7E88-412C-95A3-A55BF5E373AB}
		{A6171201-703D-4101-A4FE-A95D9179D8AD} = {4E902747-DEA7-4E2C-A7B5-7651FC9B1951}
		{C3DACEE0-A660-4BE1-B6E7-2B3C2E2DBB6C} = {4E902747-DEA7-4E2C-A7B5-7651FC9B1951}
		{1E1F2648-9087-4BAA-B276-6230CC62F098} = {99912E52-7E88-412C-95A3-A55BF5E373AB}
		{62EB612C-CAF0-4E9F-8A68-E7C152CC4260} = {CC6EB9B0-3F54-4970-BAF8-87A7F689BE69}
		{7B34514D-F55C-A5FE-D1EF-2AB834B91306} = {CC6EB9B0-3F54-4970-BAF8-87A7F689BE69}
		{B5025803-550F-2718-0B4A-39867A675BF8} = {62EB612C-CAF0-4E9F-8A68-E7C152CC4260}
		{9605B4B8-0A34-BDE4-CFD2-F49073E3B9EF} = {62EB612C-CAF0-4E9F-8A68-E7C152CC4260}
		{766DC129-B7E6-6BE5-67FF-02794A6C9D6A} = {62EB612C-CAF0-4E9F-8A68-E7C152CC4260}
		{8758FBDB-9295-0DA5-31B6-DA01667F06FB} = {62EB612C-CAF0-4E9F-8A68-E7C152CC4260}
		{A224E345-0B0F-43F8-84BC-CC4264F2FF76} = {CC6EB9B0-3F54-4970-BAF8-87A7F689BE69}
		{83792756-BFF5-4B0E-8FE1-B31C1EFDF7D4} = {FA419820-1FB3-472C-9074-A87759915D8A}
		{88DE7522-74E4-4E22-BB19-0DDC2352EA47} = {FA419820-1FB3-472C-9074-A87759915D8A}
		{A6237B6B-FA36-48FB-9382-87DF21D51B88} = {FA419820-1FB3-472C-9074-A87759915D8A}
		{90221539-6D35-4DE1-8ED8-9E0D1F1918F8} = {83792756-BFF5-4B0E-8FE1-B31C1EFDF7D4}
		{4FFDC78E-7DA3-4A2E-96B2-7CA0759DEF84} = {83792756-BFF5-4B0E-8FE1-B31C1EFDF7D4}
		{A68838BD-BE3B-4244-9889-1965DF9926C3} = {F35F8444-2420-4344-9BA7-6CC74146A365}
		{78B2475B-2A52-4A1A-AEEA-B4AD3FDD110F} = {A68838BD-BE3B-4244-9889-1965DF9926C3}
		{9010C7DA-7BF1-1477-C761-BD4654FE33AF} = {F35F8444-2420-4344-9BA7-6CC74146A365}
		{4E46B7E4-59F9-448C-A038-DDD503267AC4} = {F35F8444-2420-4344-9BA7-6CC74146A365}
		{3A847CC6-ACC8-4440-9CD5-D0995EF9DB69} = {A68838BD-BE3B-4244-9889-1965DF9926C3}
		{6EF7678A-A725-F430-3097-30F090C0100A} = {34F6F943-62A4-4E3A-8AB8-6B77D952FB4A}
		{010D0C11-D6A2-3CA6-3281-4E0FD547EC2D} = {34F6F943-62A4-4E3A-8AB8-6B77D952FB4A}
		{DC48F6E1-F17F-43A0-990D-6E2394025A4D} = {9862FC05-B40A-4C63-8F4C-3D3361451961}
		{84669DA8-5399-4032-A69A-A35EC61E475B} = {9862FC05-B40A-4C63-8F4C-3D3361451961}
		{D19B5239-0741-44C6-812B-5F8C712B5E60} = {84669DA8-5399-4032-A69A-A35EC61E475B}
		{52442FBF-AB1E-12BC-8344-0695887AC3CB} = {84669DA8-5399-4032-A69A-A35EC61E475B}
		{13EA441B-E72F-5CA2-D5D4-B3F52139D7CF} = {84669DA8-5399-4032-A69A-A35EC61E475B}
		{0986CB4A-2E4C-4A5F-B2E0-51754D864867} = {F8BF98D1-DEFC-41C2-B02D-08C25161E7FE}
		{B1EB05FD-BAB0-4337-823A-9C213FB2024A} = {49E03704-D64D-4C31-9CD3-646DC6A5CBC2}
		{85F02B0E-B77E-4C59-99B9-52F2F82BF1F1} = {49E03704-D64D-4C31-9CD3-646DC6A5CBC2}
		{C9576B33-406F-4780-967A-A8A6721AC3DE} = {B1EB05FD-BAB0-4337-823A-9C213FB2024A}
		{002AC66A-2C79-D617-7D42-C919BAF06C81} = {B1EB05FD-BAB0-4337-823A-9C213FB2024A}
		{2F191382-77D4-81DA-DF01-8BDF10A53969} = {B1EB05FD-BAB0-4337-823A-9C213FB2024A}
		{78D47021-BAB2-41CB-B0DA-17C75F212B0D} = {F8BF98D1-DEFC-41C2-B02D-08C25161E7FE}
		{72880280-B5AD-4597-9CDC-FB671D6FAF77} = {0BCEBA80-2D89-47A0-A40D-547F599E8D48}
		{BDB9F0D4-E2C4-4844-83B3-88A95DAF97CE} = {0BCEBA80-2D89-47A0-A40D-547F599E8D48}
		{E1A1F939-2A87-40EA-82B6-CE703209202D} = {0BCEBA80-2D89-47A0-A40D-547F599E8D48}
		{DA54AFD0-2709-4E80-8232-DC2AE289D8E5} = {E1A1F939-2A87-40EA-82B6-CE703209202D}
		{EA5C88C1-D27E-41E4-93D7-9BC630BFA218} = {E1A1F939-2A87-40EA-82B6-CE703209202D}
		{B39295E3-4EA8-4A01-8453-1CB17D8C97D8} = {E1A1F939-2A87-40EA-82B6-CE703209202D}
		{2A28A7E0-7ED2-40E2-87D7-31CAC689C95B} = {E1A1F939-2A87-40EA-82B6-CE703209202D}
		{A041DCE2-5ADF-404C-9C1C-3E1931E0BBC7} = {E1A1F939-2A87-40EA-82B6-CE703209202D}
		{2A112E00-7696-49F3-BA4F-B674801D6E30} = {E999D408-0A81-4DBE-B5B6-776A12066312}
		{8629857E-1D0D-485A-ACF1-B6AEFBB0ABF7} = {E999D408-0A81-4DBE-B5B6-776A12066312}
		{956FBD3F-983E-401B-80E4-1A2434A1F613} = {E999D408-0A81-4DBE-B5B6-776A12066312}
		{BDDF2C4F-E215-48F1-A081-2B28D3773B52} = {E999D408-0A81-4DBE-B5B6-776A12066312}
		{D3127C72-4688-4793-81B8-6D58FB584599} = {E999D408-0A81-4DBE-B5B6-776A12066312}
		{92230614-4B11-41B3-B0B7-3FF136A77B2A} = {E999D408-0A81-4DBE-B5B6-776A12066312}
		{E53A5E3B-987E-4584-8AAF-1FBC322BB262} = {E999D408-0A81-4DBE-B5B6-776A12066312}
		{9168E509-6760-3E20-8FD9-5FCDD7DFA59B} = {AA7CA85E-E1D1-4651-B00E-866B6F682DBF}
		{8CC76EFF-C078-43E9-970A-4BA601E501F1} = {AA7CA85E-E1D1-4651-B00E-866B6F682DBF}
		{9166FD92-D47F-411A-9030-BDE9CC54767B} = {6267887C-8E52-46E4-B3D1-59F532829A2F}
		{24886244-B4EE-41F2-B0EF-9F740727EA24} = {6267887C-8E52-46E4-B3D1-59F532829A2F}
		{CA5C8FC7-6F78-417D-8AF9-DD6FB2AF46DF} = {24886244-B4EE-41F2-B0EF-9F740727EA24}
		{D7DB7127-78E1-4E57-8427-B468C1725242} = {1E576787-31BF-4134-9DDC-2B51568B0919}
<<<<<<< HEAD
		{BAD5866C-19CE-9ABE-C7CE-C75067A93566} = {1E576787-31BF-4134-9DDC-2B51568B0919}
		{3555ED2D-09FD-4B18-B82A-CE4F6A1E9C9F} = {1E576787-31BF-4134-9DDC-2B51568B0919}
		{B4985CE2-0D6D-4C65-83C1-8339A0897132} = {1E576787-31BF-4134-9DDC-2B51568B0919}
=======
		{A9BACA84-D0C9-4B11-AE63-1354E336F222} = {1E576787-31BF-4134-9DDC-2B51568B0919}
		{F9BFA8EB-0CA6-4FE5-8B09-16CF66E0A13C} = {A9BACA84-D0C9-4B11-AE63-1354E336F222}
>>>>>>> 6ff14597ac0271d88b342c59456a1e182b62217a
	EndGlobalSection
	GlobalSection(ExtensibilityGlobals) = postSolution
		SolutionGuid = {65A5349E-0839-40A8-9F1D-B26AF4AEB14F}
	EndGlobalSection
EndGlobal
