
Microsoft Visual Studio Solution File, Format Version 12.00
# Visual Studio Version 17
VisualStudioVersion = 17.13.35825.156
MinimumVisualStudioVersion = 10.0.40219.1
Project("{2150E333-8FDC-42A3-9474-1A3956D46DE8}") = "Chapter01", "Chapter01", "{DDB4EF12-CC4E-5E88-E6FC-71A802F4DE97}"
EndProject
Project("{FAE04EC0-301F-11D3-BF4B-00C04F79EFBC}") = "ProductSample", "Chapter01\ProductSample\ProductSample.csproj", "{5FA5F1B5-1BA0-4B0B-AED6-49B3D91632A3}"
EndProject
Project("{2150E333-8FDC-42A3-9474-1A3956D46DE8}") = "Chapter02", "Chapter02", "{73E3BA25-BB4D-47E7-B3FC-4C1B058BB781}"
EndProject
Project("{FAE04EC0-301F-11D3-BF4B-00C04F79EFBC}") = "DistanceConverter", "Chapter02\DistanceConverter\DistanceConverter.csproj", "{F7BA7A24-2776-44A6-990A-13606644CDD7}"
EndProject
Project("{2150E333-8FDC-42A3-9474-1A3956D46DE8}") = "演習問題", "演習問題", "{BCC7F2A3-3AC5-4A00-8ADA-167FB7D443C7}"
EndProject
Project("{FAE04EC0-301F-11D3-BF4B-00C04F79EFBC}") = "Exercise02", "Chapter02\演習問題\Exercise02\Exercise02.csproj", "{6003833A-81CA-4EFC-85FC-B4360E473687}"
EndProject
Project("{2150E333-8FDC-42A3-9474-1A3956D46DE8}") = "距離換算プログラム", "距離換算プログラム", "{1D7AEA37-7C10-4DCC-9088-ED1D6AAC19DA}"
EndProject
Project("{2150E333-8FDC-42A3-9474-1A3956D46DE8}") = "FormApps", "FormApps", "{F8BF98D1-DEFC-41C2-B02D-08C25161E7FE}"
EndProject
Project("{FAE04EC0-301F-11D3-BF4B-00C04F79EFBC}") = "UnitConverter", "FormApps\UnitConverter\UnitConverter.csproj", "{0D0C200F-71CA-41ED-A725-9C67DAF228EC}"
EndProject
Project("{2150E333-8FDC-42A3-9474-1A3956D46DE8}") = "売り上げ集計プログラム", "売り上げ集計プログラム", "{04E7B934-8D8D-48A3-B455-5DA48C159770}"
EndProject
Project("{FAE04EC0-301F-11D3-BF4B-00C04F79EFBC}") = "SalesCalculator", "Chapter02\SalesCalculator\SalesCalculator.csproj", "{A7B7FC2F-8BF1-4056-806F-4608D5ADFFBC}"
EndProject
Project("{FAE04EC0-301F-11D3-BF4B-00C04F79EFBC}") = "Exercise01", "Chapter02\演習問題\Exercise01\Exercise01.csproj", "{A8D8643B-019B-44EE-8C3A-61C8B217D025}"
EndProject
Project("{2150E333-8FDC-42A3-9474-1A3956D46DE8}") = "Chapter03", "Chapter03", "{0F12ED4D-FA34-4863-906C-C1E2CCE7CA68}"
EndProject
Project("{FAE04EC0-301F-11D3-BF4B-00C04F79EFBC}") = "Section01", "Chapter03\Section01\Section01.csproj", "{1B67454C-6022-4CB5-A8EA-DA4E790679DA}"
EndProject
Project("{2150E333-8FDC-42A3-9474-1A3956D46DE8}") = "演習問題", "演習問題", "{404F9868-5C32-4ADF-82A7-459BFAB1878B}"
EndProject
Project("{FAE04EC0-301F-11D3-BF4B-00C04F79EFBC}") = "Exercise02", "Chapter03\演習問題\Exercise02\Exercise02.csproj", "{217A7536-F56F-4150-AA46-5C054CCD3117}"
EndProject
Project("{FAE04EC0-301F-11D3-BF4B-00C04F79EFBC}") = "Section04", "Chapter03\Section04\Section04.csproj", "{5EB43C78-9640-42B7-ADF9-FD0229FD9E58}"
EndProject
Project("{FAE04EC0-301F-11D3-BF4B-00C04F79EFBC}") = "Exercise01", "Chapter03\演習問題\ConsoleApp1\Exercise01.csproj", "{86437E0C-DE04-4A1A-8C13-ACDE03D52F58}"
EndProject
Project("{2150E333-8FDC-42A3-9474-1A3956D46DE8}") = "Chapter04", "Chapter04", "{F52B0C7D-B396-4FD3-AA1B-20992DED9D6C}"
EndProject
Project("{FAE04EC0-301F-11D3-BF4B-00C04F79EFBC}") = "Section04", "Chapter04\Exercise04\Section04.csproj", "{F2E29AAB-E32F-4FD8-9E55-0B0256F1E7CA}"
EndProject
Project("{2150E333-8FDC-42A3-9474-1A3956D46DE8}") = "演習問題", "演習問題", "{63921E51-EC5A-4ED8-B82D-59EF65AEEA6D}"
EndProject
Project("{FAE04EC0-301F-11D3-BF4B-00C04F79EFBC}") = "Exercise01", "Chapter04\演習問題\Exercise01\Exercise01.csproj", "{94274C42-5433-4AA6-BA6B-5936A70EE0C9}"
EndProject
Project("{FAE04EC0-301F-11D3-BF4B-00C04F79EFBC}") = "Exercise02", "Chapter04\演習問題\Exercise02\Exercise02.csproj", "{FB2FA676-8CF5-4A61-ACDC-57A493DB8225}"
EndProject
Project("{2150E333-8FDC-42A3-9474-1A3956D46DE8}") = "LINQ", "LINQ", "{ECCE2EEB-03C7-41CB-BD93-41B32D6AB198}"
EndProject
Project("{FAE04EC0-301F-11D3-BF4B-00C04F79EFBC}") = "LinqSample", "LINQ\LinqSample\LinqSample.csproj", "{79DA7C4D-191F-4839-BDEF-BCAF777ECCF7}"
EndProject
Project("{2150E333-8FDC-42A3-9474-1A3956D46DE8}") = "Chapter07", "Chapter07", "{4E902747-DEA7-4E2C-A7B5-7651FC9B1951}"
EndProject
Project("{2150E333-8FDC-42A3-9474-1A3956D46DE8}") = "演習問題", "演習問題", "{99912E52-7E88-412C-95A3-A55BF5E373AB}"
EndProject
Project("{FAE04EC0-301F-11D3-BF4B-00C04F79EFBC}") = "Exercise01", "Chapter07\演習問題\Exercise01\Exercise01.csproj", "{92F2A197-05D5-40BE-B555-CD34F35C0350}"
EndProject
Project("{FAE04EC0-301F-11D3-BF4B-00C04F79EFBC}") = "Section01", "Chapter07\Section01\Section01.csproj", "{A6171201-703D-4101-A4FE-A95D9179D8AD}"
EndProject
Project("{FAE04EC0-301F-11D3-BF4B-00C04F79EFBC}") = "Section05", "Chapter07\Section05\Section05.csproj", "{C3DACEE0-A660-4BE1-B6E7-2B3C2E2DBB6C}"
EndProject
Project("{FAE04EC0-301F-11D3-BF4B-00C04F79EFBC}") = "Exercise02", "Chapter07\演習問題\Exercise02\Exercise02.csproj", "{1E1F2648-9087-4BAA-B276-6230CC62F098}"
EndProject
Global
	GlobalSection(SolutionConfigurationPlatforms) = preSolution
		Debug|Any CPU = Debug|Any CPU
		Release|Any CPU = Release|Any CPU
	EndGlobalSection
	GlobalSection(ProjectConfigurationPlatforms) = postSolution
		{5FA5F1B5-1BA0-4B0B-AED6-49B3D91632A3}.Debug|Any CPU.ActiveCfg = Debug|Any CPU
		{5FA5F1B5-1BA0-4B0B-AED6-49B3D91632A3}.Debug|Any CPU.Build.0 = Debug|Any CPU
		{5FA5F1B5-1BA0-4B0B-AED6-49B3D91632A3}.Release|Any CPU.ActiveCfg = Release|Any CPU
		{5FA5F1B5-1BA0-4B0B-AED6-49B3D91632A3}.Release|Any CPU.Build.0 = Release|Any CPU
		{F7BA7A24-2776-44A6-990A-13606644CDD7}.Debug|Any CPU.ActiveCfg = Debug|Any CPU
		{F7BA7A24-2776-44A6-990A-13606644CDD7}.Debug|Any CPU.Build.0 = Debug|Any CPU
		{F7BA7A24-2776-44A6-990A-13606644CDD7}.Release|Any CPU.ActiveCfg = Release|Any CPU
		{F7BA7A24-2776-44A6-990A-13606644CDD7}.Release|Any CPU.Build.0 = Release|Any CPU
		{6003833A-81CA-4EFC-85FC-B4360E473687}.Debug|Any CPU.ActiveCfg = Debug|Any CPU
		{6003833A-81CA-4EFC-85FC-B4360E473687}.Debug|Any CPU.Build.0 = Debug|Any CPU
		{6003833A-81CA-4EFC-85FC-B4360E473687}.Release|Any CPU.ActiveCfg = Release|Any CPU
		{6003833A-81CA-4EFC-85FC-B4360E473687}.Release|Any CPU.Build.0 = Release|Any CPU
		{0D0C200F-71CA-41ED-A725-9C67DAF228EC}.Debug|Any CPU.ActiveCfg = Debug|Any CPU
		{0D0C200F-71CA-41ED-A725-9C67DAF228EC}.Debug|Any CPU.Build.0 = Debug|Any CPU
		{0D0C200F-71CA-41ED-A725-9C67DAF228EC}.Release|Any CPU.ActiveCfg = Release|Any CPU
		{0D0C200F-71CA-41ED-A725-9C67DAF228EC}.Release|Any CPU.Build.0 = Release|Any CPU
		{A7B7FC2F-8BF1-4056-806F-4608D5ADFFBC}.Debug|Any CPU.ActiveCfg = Debug|Any CPU
		{A7B7FC2F-8BF1-4056-806F-4608D5ADFFBC}.Debug|Any CPU.Build.0 = Debug|Any CPU
		{A7B7FC2F-8BF1-4056-806F-4608D5ADFFBC}.Release|Any CPU.ActiveCfg = Release|Any CPU
		{A7B7FC2F-8BF1-4056-806F-4608D5ADFFBC}.Release|Any CPU.Build.0 = Release|Any CPU
		{A8D8643B-019B-44EE-8C3A-61C8B217D025}.Debug|Any CPU.ActiveCfg = Debug|Any CPU
		{A8D8643B-019B-44EE-8C3A-61C8B217D025}.Debug|Any CPU.Build.0 = Debug|Any CPU
		{A8D8643B-019B-44EE-8C3A-61C8B217D025}.Release|Any CPU.ActiveCfg = Release|Any CPU
		{A8D8643B-019B-44EE-8C3A-61C8B217D025}.Release|Any CPU.Build.0 = Release|Any CPU
		{1B67454C-6022-4CB5-A8EA-DA4E790679DA}.Debug|Any CPU.ActiveCfg = Debug|Any CPU
		{1B67454C-6022-4CB5-A8EA-DA4E790679DA}.Debug|Any CPU.Build.0 = Debug|Any CPU
		{1B67454C-6022-4CB5-A8EA-DA4E790679DA}.Release|Any CPU.ActiveCfg = Release|Any CPU
		{1B67454C-6022-4CB5-A8EA-DA4E790679DA}.Release|Any CPU.Build.0 = Release|Any CPU
		{217A7536-F56F-4150-AA46-5C054CCD3117}.Debug|Any CPU.ActiveCfg = Debug|Any CPU
		{217A7536-F56F-4150-AA46-5C054CCD3117}.Debug|Any CPU.Build.0 = Debug|Any CPU
		{217A7536-F56F-4150-AA46-5C054CCD3117}.Release|Any CPU.ActiveCfg = Release|Any CPU
		{217A7536-F56F-4150-AA46-5C054CCD3117}.Release|Any CPU.Build.0 = Release|Any CPU
		{5EB43C78-9640-42B7-ADF9-FD0229FD9E58}.Debug|Any CPU.ActiveCfg = Debug|Any CPU
		{5EB43C78-9640-42B7-ADF9-FD0229FD9E58}.Debug|Any CPU.Build.0 = Debug|Any CPU
		{5EB43C78-9640-42B7-ADF9-FD0229FD9E58}.Release|Any CPU.ActiveCfg = Release|Any CPU
		{5EB43C78-9640-42B7-ADF9-FD0229FD9E58}.Release|Any CPU.Build.0 = Release|Any CPU
		{86437E0C-DE04-4A1A-8C13-ACDE03D52F58}.Debug|Any CPU.ActiveCfg = Debug|Any CPU
		{86437E0C-DE04-4A1A-8C13-ACDE03D52F58}.Debug|Any CPU.Build.0 = Debug|Any CPU
		{86437E0C-DE04-4A1A-8C13-ACDE03D52F58}.Release|Any CPU.ActiveCfg = Release|Any CPU
		{86437E0C-DE04-4A1A-8C13-ACDE03D52F58}.Release|Any CPU.Build.0 = Release|Any CPU
		{F2E29AAB-E32F-4FD8-9E55-0B0256F1E7CA}.Debug|Any CPU.ActiveCfg = Debug|Any CPU
		{F2E29AAB-E32F-4FD8-9E55-0B0256F1E7CA}.Debug|Any CPU.Build.0 = Debug|Any CPU
		{F2E29AAB-E32F-4FD8-9E55-0B0256F1E7CA}.Release|Any CPU.ActiveCfg = Release|Any CPU
		{F2E29AAB-E32F-4FD8-9E55-0B0256F1E7CA}.Release|Any CPU.Build.0 = Release|Any CPU
		{94274C42-5433-4AA6-BA6B-5936A70EE0C9}.Debug|Any CPU.ActiveCfg = Debug|Any CPU
		{94274C42-5433-4AA6-BA6B-5936A70EE0C9}.Debug|Any CPU.Build.0 = Debug|Any CPU
		{94274C42-5433-4AA6-BA6B-5936A70EE0C9}.Release|Any CPU.ActiveCfg = Release|Any CPU
		{94274C42-5433-4AA6-BA6B-5936A70EE0C9}.Release|Any CPU.Build.0 = Release|Any CPU
		{FB2FA676-8CF5-4A61-ACDC-57A493DB8225}.Debug|Any CPU.ActiveCfg = Debug|Any CPU
		{FB2FA676-8CF5-4A61-ACDC-57A493DB8225}.Debug|Any CPU.Build.0 = Debug|Any CPU
		{FB2FA676-8CF5-4A61-ACDC-57A493DB8225}.Release|Any CPU.ActiveCfg = Release|Any CPU
		{FB2FA676-8CF5-4A61-ACDC-57A493DB8225}.Release|Any CPU.Build.0 = Release|Any CPU
		{79DA7C4D-191F-4839-BDEF-BCAF777ECCF7}.Debug|Any CPU.ActiveCfg = Debug|Any CPU
		{79DA7C4D-191F-4839-BDEF-BCAF777ECCF7}.Debug|Any CPU.Build.0 = Debug|Any CPU
		{79DA7C4D-191F-4839-BDEF-BCAF777ECCF7}.Release|Any CPU.ActiveCfg = Release|Any CPU
		{79DA7C4D-191F-4839-BDEF-BCAF777ECCF7}.Release|Any CPU.Build.0 = Release|Any CPU
		{92F2A197-05D5-40BE-B555-CD34F35C0350}.Debug|Any CPU.ActiveCfg = Debug|Any CPU
		{92F2A197-05D5-40BE-B555-CD34F35C0350}.Debug|Any CPU.Build.0 = Debug|Any CPU
		{92F2A197-05D5-40BE-B555-CD34F35C0350}.Release|Any CPU.ActiveCfg = Release|Any CPU
		{92F2A197-05D5-40BE-B555-CD34F35C0350}.Release|Any CPU.Build.0 = Release|Any CPU
		{A6171201-703D-4101-A4FE-A95D9179D8AD}.Debug|Any CPU.ActiveCfg = Debug|Any CPU
		{A6171201-703D-4101-A4FE-A95D9179D8AD}.Debug|Any CPU.Build.0 = Debug|Any CPU
		{A6171201-703D-4101-A4FE-A95D9179D8AD}.Release|Any CPU.ActiveCfg = Release|Any CPU
		{A6171201-703D-4101-A4FE-A95D9179D8AD}.Release|Any CPU.Build.0 = Release|Any CPU
		{C3DACEE0-A660-4BE1-B6E7-2B3C2E2DBB6C}.Debug|Any CPU.ActiveCfg = Debug|Any CPU
		{C3DACEE0-A660-4BE1-B6E7-2B3C2E2DBB6C}.Debug|Any CPU.Build.0 = Debug|Any CPU
		{C3DACEE0-A660-4BE1-B6E7-2B3C2E2DBB6C}.Release|Any CPU.ActiveCfg = Release|Any CPU
		{C3DACEE0-A660-4BE1-B6E7-2B3C2E2DBB6C}.Release|Any CPU.Build.0 = Release|Any CPU
		{1E1F2648-9087-4BAA-B276-6230CC62F098}.Debug|Any CPU.ActiveCfg = Debug|Any CPU
		{1E1F2648-9087-4BAA-B276-6230CC62F098}.Debug|Any CPU.Build.0 = Debug|Any CPU
		{1E1F2648-9087-4BAA-B276-6230CC62F098}.Release|Any CPU.ActiveCfg = Release|Any CPU
		{1E1F2648-9087-4BAA-B276-6230CC62F098}.Release|Any CPU.Build.0 = Release|Any CPU
	EndGlobalSection
	GlobalSection(SolutionProperties) = preSolution
		HideSolutionNode = FALSE
	EndGlobalSection
	GlobalSection(NestedProjects) = preSolution
		{5FA5F1B5-1BA0-4B0B-AED6-49B3D91632A3} = {DDB4EF12-CC4E-5E88-E6FC-71A802F4DE97}
		{F7BA7A24-2776-44A6-990A-13606644CDD7} = {1D7AEA37-7C10-4DCC-9088-ED1D6AAC19DA}
		{BCC7F2A3-3AC5-4A00-8ADA-167FB7D443C7} = {73E3BA25-BB4D-47E7-B3FC-4C1B058BB781}
		{6003833A-81CA-4EFC-85FC-B4360E473687} = {BCC7F2A3-3AC5-4A00-8ADA-167FB7D443C7}
		{1D7AEA37-7C10-4DCC-9088-ED1D6AAC19DA} = {73E3BA25-BB4D-47E7-B3FC-4C1B058BB781}
		{0D0C200F-71CA-41ED-A725-9C67DAF228EC} = {F8BF98D1-DEFC-41C2-B02D-08C25161E7FE}
		{04E7B934-8D8D-48A3-B455-5DA48C159770} = {73E3BA25-BB4D-47E7-B3FC-4C1B058BB781}
		{A7B7FC2F-8BF1-4056-806F-4608D5ADFFBC} = {04E7B934-8D8D-48A3-B455-5DA48C159770}
		{A8D8643B-019B-44EE-8C3A-61C8B217D025} = {BCC7F2A3-3AC5-4A00-8ADA-167FB7D443C7}
		{1B67454C-6022-4CB5-A8EA-DA4E790679DA} = {0F12ED4D-FA34-4863-906C-C1E2CCE7CA68}
		{404F9868-5C32-4ADF-82A7-459BFAB1878B} = {0F12ED4D-FA34-4863-906C-C1E2CCE7CA68}
		{217A7536-F56F-4150-AA46-5C054CCD3117} = {404F9868-5C32-4ADF-82A7-459BFAB1878B}
		{5EB43C78-9640-42B7-ADF9-FD0229FD9E58} = {404F9868-5C32-4ADF-82A7-459BFAB1878B}
		{86437E0C-DE04-4A1A-8C13-ACDE03D52F58} = {404F9868-5C32-4ADF-82A7-459BFAB1878B}
		{F2E29AAB-E32F-4FD8-9E55-0B0256F1E7CA} = {F52B0C7D-B396-4FD3-AA1B-20992DED9D6C}
		{63921E51-EC5A-4ED8-B82D-59EF65AEEA6D} = {F52B0C7D-B396-4FD3-AA1B-20992DED9D6C}
		{94274C42-5433-4AA6-BA6B-5936A70EE0C9} = {63921E51-EC5A-4ED8-B82D-59EF65AEEA6D}
		{FB2FA676-8CF5-4A61-ACDC-57A493DB8225} = {63921E51-EC5A-4ED8-B82D-59EF65AEEA6D}
		{79DA7C4D-191F-4839-BDEF-BCAF777ECCF7} = {ECCE2EEB-03C7-41CB-BD93-41B32D6AB198}
		{99912E52-7E88-412C-95A3-A55BF5E373AB} = {4E902747-DEA7-4E2C-A7B5-7651FC9B1951}
		{92F2A197-05D5-40BE-B555-CD34F35C0350} = {99912E52-7E88-412C-95A3-A55BF5E373AB}
		{A6171201-703D-4101-A4FE-A95D9179D8AD} = {4E902747-DEA7-4E2C-A7B5-7651FC9B1951}
		{C3DACEE0-A660-4BE1-B6E7-2B3C2E2DBB6C} = {4E902747-DEA7-4E2C-A7B5-7651FC9B1951}
		{1E1F2648-9087-4BAA-B276-6230CC62F098} = {99912E52-7E88-412C-95A3-A55BF5E373AB}
	EndGlobalSection
	GlobalSection(ExtensibilityGlobals) = postSolution
		SolutionGuid = {65A5349E-0839-40A8-9F1D-B26AF4AEB14F}
	EndGlobalSection
EndGlobal
